
Microsoft Visual Studio Solution File, Format Version 12.00
# Visual Studio Version 17
VisualStudioVersion = 17.3.32819.101
MinimumVisualStudioVersion = 10.0.40219.1
Project("{9A19103F-16F7-4668-BE54-9A1E7A4F7556}") = "CompanyEmployee", "CompanyEmployee\CompanyEmployee.csproj", "{C3784C25-72CB-43D2-A56F-1035F2E6A5CF}"
EndProject
Project("{9A19103F-16F7-4668-BE54-9A1E7A4F7556}") = "Contracts", "Contracts\Contracts.csproj", "{C223C12E-4211-48E8-92EC-0E715567DCED}"
EndProject
Project("{9A19103F-16F7-4668-BE54-9A1E7A4F7556}") = "LoggerService", "LoggerService\LoggerService.csproj", "{FA31037B-C4EE-45D0-AD2E-F1CF34DBE804}"
EndProject
Project("{9A19103F-16F7-4668-BE54-9A1E7A4F7556}") = "Entities", "Entities\Entities.csproj", "{E7ED2148-1B84-4D2E-AC63-555FB7CA3702}"
EndProject
Project("{9A19103F-16F7-4668-BE54-9A1E7A4F7556}") = "Repository", "Repository\Repository.csproj", "{B2DA8568-0B04-483B-A436-0FF27EB3A3F6}"
EndProject
Project("{9A19103F-16F7-4668-BE54-9A1E7A4F7556}") = "Service.Contracts", "Service.Contracts\Service.Contracts.csproj", "{E5F52948-2D1A-4078-950B-EB3A80E1D465}"
EndProject
Project("{9A19103F-16F7-4668-BE54-9A1E7A4F7556}") = "Service", "Service\Service.csproj", "{150C4E6C-B144-48C9-9689-CBE6810843D5}"
EndProject
Project("{9A19103F-16F7-4668-BE54-9A1E7A4F7556}") = "Shared", "Shared\Shared.csproj", "{75F0736E-303C-4868-BDB0-E421730A152D}"
EndProject
Project("{FAE04EC0-301F-11D3-BF4B-00C04F79EFBC}") = "Application", "Application\Application.csproj", "{8FF7C8A8-F96E-4590-8D80-B4712C620500}"
EndProject
Global
	GlobalSection(SolutionConfigurationPlatforms) = preSolution
		Debug|Any CPU = Debug|Any CPU
		Release|Any CPU = Release|Any CPU
	EndGlobalSection
	GlobalSection(ProjectConfigurationPlatforms) = postSolution
		{C3784C25-72CB-43D2-A56F-1035F2E6A5CF}.Debug|Any CPU.ActiveCfg = Debug|Any CPU
		{C3784C25-72CB-43D2-A56F-1035F2E6A5CF}.Debug|Any CPU.Build.0 = Debug|Any CPU
		{C3784C25-72CB-43D2-A56F-1035F2E6A5CF}.Release|Any CPU.ActiveCfg = Release|Any CPU
		{C3784C25-72CB-43D2-A56F-1035F2E6A5CF}.Release|Any CPU.Build.0 = Release|Any CPU
		{C223C12E-4211-48E8-92EC-0E715567DCED}.Debug|Any CPU.ActiveCfg = Debug|Any CPU
		{C223C12E-4211-48E8-92EC-0E715567DCED}.Debug|Any CPU.Build.0 = Debug|Any CPU
		{C223C12E-4211-48E8-92EC-0E715567DCED}.Release|Any CPU.ActiveCfg = Release|Any CPU
		{C223C12E-4211-48E8-92EC-0E715567DCED}.Release|Any CPU.Build.0 = Release|Any CPU
		{FA31037B-C4EE-45D0-AD2E-F1CF34DBE804}.Debug|Any CPU.ActiveCfg = Debug|Any CPU
		{FA31037B-C4EE-45D0-AD2E-F1CF34DBE804}.Debug|Any CPU.Build.0 = Debug|Any CPU
		{FA31037B-C4EE-45D0-AD2E-F1CF34DBE804}.Release|Any CPU.ActiveCfg = Release|Any CPU
		{FA31037B-C4EE-45D0-AD2E-F1CF34DBE804}.Release|Any CPU.Build.0 = Release|Any CPU
		{E7ED2148-1B84-4D2E-AC63-555FB7CA3702}.Debug|Any CPU.ActiveCfg = Debug|Any CPU
		{E7ED2148-1B84-4D2E-AC63-555FB7CA3702}.Debug|Any CPU.Build.0 = Debug|Any CPU
		{E7ED2148-1B84-4D2E-AC63-555FB7CA3702}.Release|Any CPU.ActiveCfg = Release|Any CPU
		{E7ED2148-1B84-4D2E-AC63-555FB7CA3702}.Release|Any CPU.Build.0 = Release|Any CPU
		{B2DA8568-0B04-483B-A436-0FF27EB3A3F6}.Debug|Any CPU.ActiveCfg = Debug|Any CPU
		{B2DA8568-0B04-483B-A436-0FF27EB3A3F6}.Debug|Any CPU.Build.0 = Debug|Any CPU
		{B2DA8568-0B04-483B-A436-0FF27EB3A3F6}.Release|Any CPU.ActiveCfg = Release|Any CPU
		{B2DA8568-0B04-483B-A436-0FF27EB3A3F6}.Release|Any CPU.Build.0 = Release|Any CPU
		{E5F52948-2D1A-4078-950B-EB3A80E1D465}.Debug|Any CPU.ActiveCfg = Debug|Any CPU
		{E5F52948-2D1A-4078-950B-EB3A80E1D465}.Debug|Any CPU.Build.0 = Debug|Any CPU
		{E5F52948-2D1A-4078-950B-EB3A80E1D465}.Release|Any CPU.ActiveCfg = Release|Any CPU
		{E5F52948-2D1A-4078-950B-EB3A80E1D465}.Release|Any CPU.Build.0 = Release|Any CPU
		{150C4E6C-B144-48C9-9689-CBE6810843D5}.Debug|Any CPU.ActiveCfg = Debug|Any CPU
		{150C4E6C-B144-48C9-9689-CBE6810843D5}.Debug|Any CPU.Build.0 = Debug|Any CPU
		{150C4E6C-B144-48C9-9689-CBE6810843D5}.Release|Any CPU.ActiveCfg = Release|Any CPU
		{150C4E6C-B144-48C9-9689-CBE6810843D5}.Release|Any CPU.Build.0 = Release|Any CPU
		{75F0736E-303C-4868-BDB0-E421730A152D}.Debug|Any CPU.ActiveCfg = Debug|Any CPU
		{75F0736E-303C-4868-BDB0-E421730A152D}.Debug|Any CPU.Build.0 = Debug|Any CPU
		{75F0736E-303C-4868-BDB0-E421730A152D}.Release|Any CPU.ActiveCfg = Release|Any CPU
		{75F0736E-303C-4868-BDB0-E421730A152D}.Release|Any CPU.Build.0 = Release|Any CPU
		{8FF7C8A8-F96E-4590-8D80-B4712C620500}.Debug|Any CPU.ActiveCfg = Debug|Any CPU
		{8FF7C8A8-F96E-4590-8D80-B4712C620500}.Debug|Any CPU.Build.0 = Debug|Any CPU
		{8FF7C8A8-F96E-4590-8D80-B4712C620500}.Release|Any CPU.ActiveCfg = Release|Any CPU
		{8FF7C8A8-F96E-4590-8D80-B4712C620500}.Release|Any CPU.Build.0 = Release|Any CPU
	EndGlobalSection
	GlobalSection(SolutionProperties) = preSolution
		HideSolutionNode = FALSE
	EndGlobalSection
	GlobalSection(ExtensibilityGlobals) = postSolution
		SolutionGuid = {9A5F1394-9C59-430D-B77E-04014B15D675}
	EndGlobalSection
EndGlobal
